
Microsoft Visual Studio Solution File, Format Version 12.00
# Blend for Visual Studio Version 17
VisualStudioVersion = 17.3.32929.385
MinimumVisualStudioVersion = 10.0.40219.1
Project("{FAE04EC0-301F-11D3-BF4B-00C04F79EFBC}") = "SUM_ITcalculator_2", "SUM_ITcalculator_2\SUM_ITcalculator_2.csproj", "{57E3C972-AC18-43C0-9F5F-2158BA2F3393}"
EndProject
Global
	GlobalSection(SolutionConfigurationPlatforms) = preSolution
		Debug|Any CPU = Debug|Any CPU
		Release|Any CPU = Release|Any CPU
	EndGlobalSection
	GlobalSection(ProjectConfigurationPlatforms) = postSolution
		{57E3C972-AC18-43C0-9F5F-2158BA2F3393}.Debug|Any CPU.ActiveCfg = Debug|Any CPU
		{57E3C972-AC18-43C0-9F5F-2158BA2F3393}.Debug|Any CPU.Build.0 = Debug|Any CPU
		{57E3C972-AC18-43C0-9F5F-2158BA2F3393}.Release|Any CPU.ActiveCfg = Release|Any CPU
		{57E3C972-AC18-43C0-9F5F-2158BA2F3393}.Release|Any CPU.Build.0 = Release|Any CPU
	EndGlobalSection
	GlobalSection(SolutionProperties) = preSolution
		HideSolutionNode = FALSE
	EndGlobalSection
	GlobalSection(ExtensibilityGlobals) = postSolution
		SolutionGuid = {7EDE0362-0B32-4BAE-9739-5E0ACD6EC9BB}
	EndGlobalSection
EndGlobal
